
Microsoft Visual Studio Solution File, Format Version 12.00
# Visual Studio Version 16
VisualStudioVersion = 16.0.31129.286
MinimumVisualStudioVersion = 10.0.40219.1
Project("{9A19103F-16F7-4668-BE54-9A1E7A4F7556}") = "JannesP.Midi", "JannesP.Midi\JannesP.Midi.csproj", "{F116A7E6-C1D8-46F3-BF93-ECBC2FF32107}"
EndProject
Project("{9A19103F-16F7-4668-BE54-9A1E7A4F7556}") = "DirtyConsoleTests", "DirtyConsoleTests\DirtyConsoleTests.csproj", "{A92C1BFC-F14B-4B8F-AABB-E13ACE9408C3}"
EndProject
Project("{9A19103F-16F7-4668-BE54-9A1E7A4F7556}") = "JannesP.XTouchMini", "JannesP.XTouchMini\JannesP.XTouchMini.csproj", "{A16682BE-B325-4F67-AD0A-C0F3A2BC47B2}"
EndProject
Project("{8BC9CEB8-8B4A-11D0-8D11-00A0C91BC942}") = "JannesP.DeviceSimConnectBridge.MsfsModule", "JannesP.DeviceSimConnectBridge.MsfsModule\JannesP.DeviceSimConnectBridge.MsfsModule.vcxproj", "{A5468B35-BBBD-4C55-97ED-81BFE343B0E4}"
	ProjectSection(ProjectDependencies) = postProject
		{AC6EB4A8-7D37-4D3D-943E-FD45A40A181F} = {AC6EB4A8-7D37-4D3D-943E-FD45A40A181F}
	EndProjectSection
EndProject
Project("{9A19103F-16F7-4668-BE54-9A1E7A4F7556}") = "JannesP.SimConnectWrapper", "JannesP.SimConnectWrapper\JannesP.SimConnectWrapper.csproj", "{1F273F72-EB0E-49EC-BC10-15C2CB095F46}"
EndProject
Project("{9A19103F-16F7-4668-BE54-9A1E7A4F7556}") = "JannesP.DeviceSimConnectBridge.WpfApp", "JannesP.DeviceSimConnectBridge.WpfClient\JannesP.DeviceSimConnectBridge.WpfApp.csproj", "{F7DE6411-8DD2-436B-8745-146E872BBF58}"
EndProject
Project("{2150E333-8FDC-42A3-9474-1A3956D46DE8}") = "Solution Items", "Solution Items", "{98D23F70-91CB-4462-AAFC-2D1DCC4EE5CE}"
	ProjectSection(SolutionItems) = preProject
		.editorconfig = .editorconfig
		.gitignore = .gitignore
		CodeMaid.config = CodeMaid.config
	EndProjectSection
EndProject
Project("{9A19103F-16F7-4668-BE54-9A1E7A4F7556}") = "JannesP.DeviceSimConnectBridge.Device", "JannesP.DeviceSimConnectBridge.Device\JannesP.DeviceSimConnectBridge.Device.csproj", "{4C6464D6-64C0-4FD3-AA57-F5489CA79E8D}"
EndProject
Project("{9A19103F-16F7-4668-BE54-9A1E7A4F7556}") = "JannesP.DeviceSimConnectBridge.Device.XTouchMini", "JannesP.DeviceSimConnectBridge.Device.XTouchMini\JannesP.DeviceSimConnectBridge.Device.XTouchMini.csproj", "{3524865A-E19F-4511-A699-6AA998F42296}"
EndProject
Project("{FAE04EC0-301F-11D3-BF4B-00C04F79EFBC}") = "JannesP.DeviceSimConnectBridge.MsfsModule.BuildHelper", "JannesP.DeviceSimConnectBridge.MsfsModule.BuildHelper\JannesP.DeviceSimConnectBridge.MsfsModule.BuildHelper.csproj", "{AC6EB4A8-7D37-4D3D-943E-FD45A40A181F}"
EndProject
Global
	GlobalSection(SolutionConfigurationPlatforms) = preSolution
		Debug|Any CPU = Debug|Any CPU
		Debug|x64 = Debug|x64
		Release|Any CPU = Release|Any CPU
		Release|x64 = Release|x64
	EndGlobalSection
	GlobalSection(ProjectConfigurationPlatforms) = postSolution
		{F116A7E6-C1D8-46F3-BF93-ECBC2FF32107}.Debug|Any CPU.ActiveCfg = Debug|Any CPU
		{F116A7E6-C1D8-46F3-BF93-ECBC2FF32107}.Debug|Any CPU.Build.0 = Debug|Any CPU
		{F116A7E6-C1D8-46F3-BF93-ECBC2FF32107}.Debug|x64.ActiveCfg = Debug|Any CPU
		{F116A7E6-C1D8-46F3-BF93-ECBC2FF32107}.Debug|x64.Build.0 = Debug|Any CPU
		{F116A7E6-C1D8-46F3-BF93-ECBC2FF32107}.Release|Any CPU.ActiveCfg = Release|Any CPU
		{F116A7E6-C1D8-46F3-BF93-ECBC2FF32107}.Release|Any CPU.Build.0 = Release|Any CPU
		{F116A7E6-C1D8-46F3-BF93-ECBC2FF32107}.Release|x64.ActiveCfg = Release|x64
		{F116A7E6-C1D8-46F3-BF93-ECBC2FF32107}.Release|x64.Build.0 = Release|x64
		{A92C1BFC-F14B-4B8F-AABB-E13ACE9408C3}.Debug|Any CPU.ActiveCfg = Debug|Any CPU
		{A92C1BFC-F14B-4B8F-AABB-E13ACE9408C3}.Debug|Any CPU.Build.0 = Debug|Any CPU
		{A92C1BFC-F14B-4B8F-AABB-E13ACE9408C3}.Debug|x64.ActiveCfg = Debug|x64
		{A92C1BFC-F14B-4B8F-AABB-E13ACE9408C3}.Debug|x64.Build.0 = Debug|x64
		{A92C1BFC-F14B-4B8F-AABB-E13ACE9408C3}.Release|Any CPU.ActiveCfg = Release|Any CPU
		{A92C1BFC-F14B-4B8F-AABB-E13ACE9408C3}.Release|Any CPU.Build.0 = Release|Any CPU
		{A92C1BFC-F14B-4B8F-AABB-E13ACE9408C3}.Release|x64.ActiveCfg = Release|x64
		{A92C1BFC-F14B-4B8F-AABB-E13ACE9408C3}.Release|x64.Build.0 = Release|x64
		{A16682BE-B325-4F67-AD0A-C0F3A2BC47B2}.Debug|Any CPU.ActiveCfg = Debug|Any CPU
		{A16682BE-B325-4F67-AD0A-C0F3A2BC47B2}.Debug|Any CPU.Build.0 = Debug|Any CPU
		{A16682BE-B325-4F67-AD0A-C0F3A2BC47B2}.Debug|x64.ActiveCfg = Debug|Any CPU
		{A16682BE-B325-4F67-AD0A-C0F3A2BC47B2}.Debug|x64.Build.0 = Debug|Any CPU
		{A16682BE-B325-4F67-AD0A-C0F3A2BC47B2}.Release|Any CPU.ActiveCfg = Release|Any CPU
		{A16682BE-B325-4F67-AD0A-C0F3A2BC47B2}.Release|Any CPU.Build.0 = Release|Any CPU
		{A16682BE-B325-4F67-AD0A-C0F3A2BC47B2}.Release|x64.ActiveCfg = Release|x64
		{A16682BE-B325-4F67-AD0A-C0F3A2BC47B2}.Release|x64.Build.0 = Release|x64
		{A5468B35-BBBD-4C55-97ED-81BFE343B0E4}.Debug|Any CPU.ActiveCfg = Debug|x64
		{A5468B35-BBBD-4C55-97ED-81BFE343B0E4}.Debug|x64.ActiveCfg = Debug|MSFS
		{A5468B35-BBBD-4C55-97ED-81BFE343B0E4}.Debug|x64.Build.0 = Debug|MSFS
		{A5468B35-BBBD-4C55-97ED-81BFE343B0E4}.Release|Any CPU.ActiveCfg = Release|x64
		{A5468B35-BBBD-4C55-97ED-81BFE343B0E4}.Release|x64.ActiveCfg = Release|x64
		{A5468B35-BBBD-4C55-97ED-81BFE343B0E4}.Release|x64.Build.0 = Release|x64
		{1F273F72-EB0E-49EC-BC10-15C2CB095F46}.Debug|Any CPU.ActiveCfg = Debug|Any CPU
		{1F273F72-EB0E-49EC-BC10-15C2CB095F46}.Debug|Any CPU.Build.0 = Debug|Any CPU
		{1F273F72-EB0E-49EC-BC10-15C2CB095F46}.Debug|x64.ActiveCfg = Debug|x64
		{1F273F72-EB0E-49EC-BC10-15C2CB095F46}.Debug|x64.Build.0 = Debug|x64
		{1F273F72-EB0E-49EC-BC10-15C2CB095F46}.Release|Any CPU.ActiveCfg = Release|Any CPU
		{1F273F72-EB0E-49EC-BC10-15C2CB095F46}.Release|Any CPU.Build.0 = Release|Any CPU
		{1F273F72-EB0E-49EC-BC10-15C2CB095F46}.Release|x64.ActiveCfg = Release|Any CPU
		{1F273F72-EB0E-49EC-BC10-15C2CB095F46}.Release|x64.Build.0 = Release|Any CPU
		{F7DE6411-8DD2-436B-8745-146E872BBF58}.Debug|Any CPU.ActiveCfg = Debug|Any CPU
		{F7DE6411-8DD2-436B-8745-146E872BBF58}.Debug|Any CPU.Build.0 = Debug|Any CPU
		{F7DE6411-8DD2-436B-8745-146E872BBF58}.Debug|x64.ActiveCfg = Debug|x64
		{F7DE6411-8DD2-436B-8745-146E872BBF58}.Debug|x64.Build.0 = Debug|x64
		{F7DE6411-8DD2-436B-8745-146E872BBF58}.Release|Any CPU.ActiveCfg = Release|Any CPU
		{F7DE6411-8DD2-436B-8745-146E872BBF58}.Release|Any CPU.Build.0 = Release|Any CPU
		{F7DE6411-8DD2-436B-8745-146E872BBF58}.Release|x64.ActiveCfg = Release|Any CPU
		{F7DE6411-8DD2-436B-8745-146E872BBF58}.Release|x64.Build.0 = Release|Any CPU
		{4C6464D6-64C0-4FD3-AA57-F5489CA79E8D}.Debug|Any CPU.ActiveCfg = Debug|Any CPU
		{4C6464D6-64C0-4FD3-AA57-F5489CA79E8D}.Debug|Any CPU.Build.0 = Debug|Any CPU
		{4C6464D6-64C0-4FD3-AA57-F5489CA79E8D}.Debug|x64.ActiveCfg = Debug|Any CPU
		{4C6464D6-64C0-4FD3-AA57-F5489CA79E8D}.Debug|x64.Build.0 = Debug|Any CPU
		{4C6464D6-64C0-4FD3-AA57-F5489CA79E8D}.Release|Any CPU.ActiveCfg = Release|Any CPU
		{4C6464D6-64C0-4FD3-AA57-F5489CA79E8D}.Release|Any CPU.Build.0 = Release|Any CPU
		{4C6464D6-64C0-4FD3-AA57-F5489CA79E8D}.Release|x64.ActiveCfg = Release|Any CPU
		{4C6464D6-64C0-4FD3-AA57-F5489CA79E8D}.Release|x64.Build.0 = Release|Any CPU
		{3524865A-E19F-4511-A699-6AA998F42296}.Debug|Any CPU.ActiveCfg = Debug|Any CPU
		{3524865A-E19F-4511-A699-6AA998F42296}.Debug|Any CPU.Build.0 = Debug|Any CPU
		{3524865A-E19F-4511-A699-6AA998F42296}.Debug|x64.ActiveCfg = Debug|Any CPU
		{3524865A-E19F-4511-A699-6AA998F42296}.Debug|x64.Build.0 = Debug|Any CPU
		{3524865A-E19F-4511-A699-6AA998F42296}.Release|Any CPU.ActiveCfg = Release|Any CPU
		{3524865A-E19F-4511-A699-6AA998F42296}.Release|Any CPU.Build.0 = Release|Any CPU
		{3524865A-E19F-4511-A699-6AA998F42296}.Release|x64.ActiveCfg = Release|Any CPU
		{3524865A-E19F-4511-A699-6AA998F42296}.Release|x64.Build.0 = Release|Any CPU
		{AC6EB4A8-7D37-4D3D-943E-FD45A40A181F}.Debug|Any CPU.ActiveCfg = Debug|Any CPU
		{AC6EB4A8-7D37-4D3D-943E-FD45A40A181F}.Debug|Any CPU.Build.0 = Debug|Any CPU
		{AC6EB4A8-7D37-4D3D-943E-FD45A40A181F}.Debug|x64.ActiveCfg = Debug|Any CPU
		{AC6EB4A8-7D37-4D3D-943E-FD45A40A181F}.Debug|x64.Build.0 = Debug|Any CPU
		{AC6EB4A8-7D37-4D3D-943E-FD45A40A181F}.Release|Any CPU.ActiveCfg = Release|Any CPU
		{AC6EB4A8-7D37-4D3D-943E-FD45A40A181F}.Release|Any CPU.Build.0 = Release|Any CPU
		{AC6EB4A8-7D37-4D3D-943E-FD45A40A181F}.Release|x64.ActiveCfg = Release|Any CPU
		{AC6EB4A8-7D37-4D3D-943E-FD45A40A181F}.Release|x64.Build.0 = Release|Any CPU
	EndGlobalSection
	GlobalSection(SolutionProperties) = preSolution
		HideSolutionNode = FALSE
	EndGlobalSection
	GlobalSection(ExtensibilityGlobals) = postSolution
		SolutionGuid = {4B47C28B-E4BD-481E-A0A8-DBCFF66227A1}
	EndGlobalSection
EndGlobal
