<?xml version="1.0" encoding="utf-8"?>
<Project ToolsVersion="4.0" xmlns="http://schemas.microsoft.com/developer/msbuild/2003">
  <ItemGroup>
    <Filter Include="Header Files">
      <UniqueIdentifier>{f2746c7c-d2cf-4fba-ab11-5f66e6b7765e}</UniqueIdentifier>
    </Filter>
    <Filter Include="Source Files">
      <UniqueIdentifier>{c975dc09-2573-4c23-82ef-9db97a5b4167}</UniqueIdentifier>
    </Filter>
    <Filter Include="Resources">
      <UniqueIdentifier>{3d596000-584a-485a-a4fd-120ccf18426a}</UniqueIdentifier>
    </Filter>
    <Filter Include="Header Files\ApiProtocol">
      <UniqueIdentifier>{32e999b7-e1f9-4bee-af06-7ca588400cbc}</UniqueIdentifier>
    </Filter>
    <Filter Include="Source Files\ApiProtocol">
      <UniqueIdentifier>{d3c91114-d43e-4459-ab8b-97e92e6891f7}</UniqueIdentifier>
    </Filter>
  </ItemGroup>
  <ItemGroup>
    <ClInclude Include="DeviceSimConnectBridgeModule.h">
      <Filter>Header Files</Filter>
    </ClInclude>
    <ClInclude Include="BridgeServer.h">
      <Filter>Header Files</Filter>
    </ClInclude>
    <ClInclude Include="Global.h">
      <Filter>Header Files</Filter>
    </ClInclude>
    <ClInclude Include="ApiRequestReadLVar.h">
      <Filter>Header Files\ApiProtocol</Filter>
    </ClInclude>
    <ClInclude Include="ApiProtocol.h">
      <Filter>Header Files\ApiProtocol</Filter>
    </ClInclude>
    <ClInclude Include="ApiRequestExecuteCalculatorCode.h">
      <Filter>Header Files\ApiProtocol</Filter>
    </ClInclude>
  </ItemGroup>
  <ItemGroup>
    <ClCompile Include="DeviceSimConnectBridgeModule.cpp">
      <Filter>Source Files</Filter>
    </ClCompile>
    <ClCompile Include="BridgeServer.cpp">
      <Filter>Source Files</Filter>
    </ClCompile>
    <ClCompile Include="ApiRequestReadLVar.cpp">
      <Filter>Source Files\ApiProtocol</Filter>
    </ClCompile>
    <ClCompile Include="ApiProtocol.cpp">
      <Filter>Source Files\ApiProtocol</Filter>
    </ClCompile>
    <ClCompile Include="ApiRequestExecuteCalculatorCode.cpp">
      <Filter>Source Files\ApiProtocol</Filter>
    </ClCompile>
  </ItemGroup>
  <ItemGroup>
    <None Include="msfs_module_manifest.json">
      <Filter>Resources</Filter>
    </None>
  </ItemGroup>
</Project>